
Microsoft Visual Studio Solution File, Format Version 12.00
# Visual Studio Version 16
VisualStudioVersion = 16.0.28803.202
MinimumVisualStudioVersion = 10.0.40219.1
Project("{8BC9CEB8-8B4A-11D0-8D11-00A0C91BC942}") = "Chassis", "Chassis\Chassis.vcxproj", "{32B90ADF-9935-4383-8A46-C26ED3D95AC3}"
EndProject
Project("{8BC9CEB8-8B4A-11D0-8D11-00A0C91BC942}") = "SparkPlug", "SparkPlug\SparkPlug.vcxproj", "{3D186A30-E4A9-4F0A-A623-AF8EBD0B0372}"
EndProject
Global
	GlobalSection(SolutionConfigurationPlatforms) = preSolution
		Debug|x64 = Debug|x64
		Release|x64 = Release|x64
	EndGlobalSection
	GlobalSection(ProjectConfigurationPlatforms) = postSolution
		{3D186A30-E4A9-4F0A-A623-AF8EBD0B0372}.Debug|x64.ActiveCfg = Debug|x64
		{3D186A30-E4A9-4F0A-A623-AF8EBD0B0372}.Debug|x64.Build.0 = Debug|x64
		{3D186A30-E4A9-4F0A-A623-AF8EBD0B0372}.Release|x64.ActiveCfg = Release|x64
		{3D186A30-E4A9-4F0A-A623-AF8EBD0B0372}.Release|x64.Build.0 = Release|x64
		{32B90ADF-9935-4383-8A46-C26ED3D95AC3}.Debug|x64.ActiveCfg = Debug|x64
		{32B90ADF-9935-4383-8A46-C26ED3D95AC3}.Debug|x64.Build.0 = Debug|x64
		{32B90ADF-9935-4383-8A46-C26ED3D95AC3}.Release|x64.ActiveCfg = Release|x64
		{32B90ADF-9935-4383-8A46-C26ED3D95AC3}.Release|x64.Build.0 = Release|x64
	EndGlobalSection
	GlobalSection(SolutionProperties) = preSolution
		HideSolutionNode = FALSE
	EndGlobalSection
	GlobalSection(ExtensibilityGlobals) = postSolution
		SolutionGuid = {CEC0B6C4-A59C-4883-A1D6-01D7857F69E5}
	EndGlobalSection
EndGlobal
